# This file is @generated by PDM.
# It is not intended for manual editing.

[metadata]
groups = ["default"]
strategy = []
lock_version = "4.5.0"
content_hash = "sha256:766606d31ada0c6c5a658c6a69397280ffbc3f7f97fa350ce7e16e9ac0b48341"

[[metadata.targets]]
requires_python = ">=3.14"

[[package]]
name = "annotated-doc"
version = "0.0.4"
summary = ""
files = [
    {file = "annotated_doc-0.0.4-py3-none-any.whl", hash = "sha256:571ac1dc6991c450b25a9c2d84a3705e2ae7a53467b5d111c24fa8baabbed320"},
    {file = "annotated_doc-0.0.4.tar.gz", hash = "sha256:fbcda96e87e9c92ad167c2e53839e57503ecfda18804ea28102353485033faa4"},
]

[[package]]
name = "annotated-types"
version = "0.7.0"
summary = ""
files = [
    {file = "annotated_types-0.7.0-py3-none-any.whl", hash = "sha256:1f02e8b43a8fbbc3f3e0d4f0f4bfc8131bcb4eebe8849b8e5c773f3a1c582a53"},
    {file = "annotated_types-0.7.0.tar.gz", hash = "sha256:aff07c09a53a08bc8cfccb9c85b05f1aa9a2a6f23728d790723543408344ce89"},
]

[[package]]
name = "anyio"
version = "4.12.1"
summary = ""
dependencies = [
    "idna",
]
files = [
    {file = "anyio-4.12.1-py3-none-any.whl", hash = "sha256:d405828884fc140aa80a3c667b8beed277f1dfedec42ba031bd6ac3db606ab6c"},
    {file = "anyio-4.12.1.tar.gz", hash = "sha256:41cfcc3a4c85d3f05c932da7c26d0201ac36f72abd4435ba90d0464a3ffed703"},
]

[[package]]
name = "certifi"
version = "2026.2.25"
summary = ""
files = [
    {file = "certifi-2026.2.25-py3-none-any.whl", hash = "sha256:027692e4402ad994f1c42e52a4997a9763c646b73e4096e4d5d6db8af1d6f0fa"},
    {file = "certifi-2026.2.25.tar.gz", hash = "sha256:e887ab5cee78ea814d3472169153c2d12cd43b14bd03329a39a9c6e2e80bfba7"},
]

[[package]]
name = "charset-normalizer"
version = "3.4.6"
summary = ""
files = [
    {file = "charset_normalizer-3.4.6-cp314-cp314-macosx_10_15_universal2.whl", hash = "sha256:9cc6e6d9e571d2f863fa77700701dae73ed5f78881efc8b3f9a4398772ff53e8"},
    {file = "charset_normalizer-3.4.6-cp314-cp314-manylinux2014_aarch64.manylinux_2_17_aarch64.manylinux_2_28_aarch64.whl", hash = "sha256:ef5960d965e67165d75b7c7ffc60a83ec5abfc5c11b764ec13ea54fbef8b4421"},
    {file = "charset_normalizer-3.4.6-cp314-cp314-manylinux2014_ppc64le.manylinux_2_17_ppc64le.manylinux_2_28_ppc64le.whl", hash = "sha256:b3694e3f87f8ac7ce279d4355645b3c878d24d1424581b46282f24b92f5a4ae2"},
    {file = "charset_normalizer-3.4.6-cp314-cp314-manylinux2014_s390x.manylinux_2_17_s390x.manylinux_2_28_s390x.whl", hash = "sha256:5d11595abf8dd942a77883a39d81433739b287b6aa71620f15164f8096221b30"},
    {file = "charset_normalizer-3.4.6-cp314-cp314-manylinux2014_x86_64.manylinux_2_17_x86_64.manylinux_2_28_x86_64.whl", hash = "sha256:7bda6eebafd42133efdca535b04ccb338ab29467b3f7bf79569883676fc628db"},
    {file = "charset_normalizer-3.4.6-cp314-cp314-manylinux_2_31_armv7l.whl", hash = "sha256:bbc8c8650c6e51041ad1be191742b8b421d05bbd3410f43fa2a00c8db87678e8"},
    {file = "charset_normalizer-3.4.6-cp314-cp314-manylinux_2_31_riscv64.manylinux_2_39_riscv64.whl", hash = "sha256:22c6f0c2fbc31e76c3b8a86fba1a56eda6166e238c29cdd3d14befdb4a4e4815"},
    {file = "charset_normalizer-3.4.6-cp314-cp314-musllinux_1_2_aarch64.whl", hash = "sha256:7edbed096e4a4798710ed6bc75dcaa2a21b68b6c356553ac4823c3658d53743a"},
    {file = "charset_normalizer-3.4.6-cp314-cp314-musllinux_1_2_armv7l.whl", hash = "sha256:7f9019c9cb613f084481bd6a100b12e1547cf2efe362d873c2e31e4035a6fa43"},
    {file = "charset_normalizer-3.4.6-cp314-cp314-musllinux_1_2_ppc64le.whl", hash = "sha256:58c948d0d086229efc484fe2f30c2d382c86720f55cd9bc33591774348ad44e0"},
    {file = "charset_normalizer-3.4.6-cp314-cp314-musllinux_1_2_riscv64.whl", hash = "sha256:419a9d91bd238052642a51938af8ac05da5b3343becde08d5cdeab9046df9ee1"},
    {file = "charset_normalizer-3.4.6-cp314-cp314-musllinux_1_2_s390x.whl", hash = "sha256:5273b9f0b5835ff0350c0828faea623c68bfa65b792720c453e22b25cc72930f"},
    {file = "charset_normalizer-3.4.6-cp314-cp314-musllinux_1_2_x86_64.whl", hash = "sha256:0e901eb1049fdb80f5bd11ed5ea1e498ec423102f7a9b9e4645d5b8204ff2815"},
    {file = "charset_normalizer-3.4.6-cp314-cp314-win32.whl", hash = "sha256:b4ff1d35e8c5bd078be89349b6f3a845128e685e751b6ea1169cf2160b344c4d"},
    {file = "charset_normalizer-3.4.6-cp314-cp314-win_amd64.whl", hash = "sha256:74119174722c4349af9708993118581686f343adc1c8c9c007d59be90d077f3f"},
    {file = "charset_normalizer-3.4.6-cp314-cp314-win_arm64.whl", hash = "sha256:e5bcc1a1ae744e0bb59641171ae53743760130600da8db48cbb6e4918e186e4e"},
    {file = "charset_normalizer-3.4.6-cp314-cp314t-macosx_10_15_universal2.whl", hash = "sha256:ad8faf8df23f0378c6d527d8b0b15ea4a2e23c89376877c598c4870d1b2c7866"},
    {file = "charset_normalizer-3.4.6-cp314-cp314t-manylinux2014_aarch64.manylinux_2_17_aarch64.manylinux_2_28_aarch64.whl", hash = "sha256:f5ea69428fa1b49573eef0cc44a1d43bebd45ad0c611eb7d7eac760c7ae771bc"},
    {file = "charset_normalizer-3.4.6-cp314-cp314t-manylinux2014_ppc64le.manylinux_2_17_ppc64le.manylinux_2_28_ppc64le.whl", hash = "sha256:06a7e86163334edfc5d20fe104db92fcd666e5a5df0977cb5680a506fe26cc8e"},
    {file = "charset_normalizer-3.4.6-cp314-cp314t-manylinux2014_s390x.manylinux_2_17_s390x.manylinux_2_28_s390x.whl", hash = "sha256:e1f6e2f00a6b8edb562826e4632e26d063ac10307e80f7461f7de3ad8ef3f077"},
    {file = "charset_normalizer-3.4.6-cp314-cp314t-manylinux2014_x86_64.manylinux_2_17_x86_64.manylinux_2_28_x86_64.whl", hash = "sha256:95b52c68d64c1878818687a473a10547b3292e82b6f6fe483808fb1468e2f52f"},
    {file = "charset_normalizer-3.4.6-cp314-cp314t-manylinux_2_31_armv7l.whl", hash = "sha256:7504e9b7dc05f99a9bbb4525c67a2c155073b44d720470a148b34166a69c054e"},
    {file = "charset_normalizer-3.4.6-cp314-cp314t-manylinux_2_31_riscv64.manylinux_2_39_riscv64.whl", hash = "sha256:172985e4ff804a7ad08eebec0a1640ece87ba5041d565fff23c8f99c1f389484"},
    {file = "charset_normalizer-3.4.6-cp314-cp314t-musllinux_1_2_aarch64.whl", hash = "sha256:4be9f4830ba8741527693848403e2c457c16e499100963ec711b1c6f2049b7c7"},
    {file = "charset_normalizer-3.4.6-cp314-cp314t-musllinux_1_2_armv7l.whl", hash = "sha256:79090741d842f564b1b2827c0b82d846405b744d31e84f18d7a7b41c20e473ff"},
    {file = "charset_normalizer-3.4.6-cp314-cp314t-musllinux_1_2_ppc64le.whl", hash = "sha256:87725cfb1a4f1f8c2fc9890ae2f42094120f4b44db9360be5d99a4c6b0e03a9e"},
    {file = "charset_normalizer-3.4.6-cp314-cp314t-musllinux_1_2_riscv64.whl", hash = "sha256:fcce033e4021347d80ed9c66dcf1e7b1546319834b74445f561d2e2221de5659"},
    {file = "charset_normalizer-3.4.6-cp314-cp314t-musllinux_1_2_s390x.whl", hash = "sha256:ca0276464d148c72defa8bb4390cce01b4a0e425f3b50d1435aa6d7a18107602"},
    {file = "charset_normalizer-3.4.6-cp314-cp314t-musllinux_1_2_x86_64.whl", hash = "sha256:197c1a244a274bb016dd8b79204850144ef77fe81c5b797dc389327adb552407"},
    {file = "charset_normalizer-3.4.6-cp314-cp314t-win32.whl", hash = "sha256:2a24157fa36980478dd1770b585c0f30d19e18f4fb0c47c13aa568f871718579"},
    {file = "charset_normalizer-3.4.6-cp314-cp314t-win_amd64.whl", hash = "sha256:cd5e2801c89992ed8c0a3f0293ae83c159a60d9a5d685005383ef4caca77f2c4"},
    {file = "charset_normalizer-3.4.6-cp314-cp314t-win_arm64.whl", hash = "sha256:47955475ac79cc504ef2704b192364e51d0d473ad452caedd0002605f780101c"},
    {file = "charset_normalizer-3.4.6-py3-none-any.whl", hash = "sha256:947cf925bc916d90adba35a64c82aace04fa39b46b52d4630ece166655905a69"},
    {file = "charset_normalizer-3.4.6.tar.gz", hash = "sha256:1ae6b62897110aa7c79ea2f5dd38d1abca6db663687c0b1ad9aed6f6bae3d9d6"},
]

[[package]]
name = "click"
version = "8.3.1"
summary = ""
dependencies = [
    "colorama; sys_platform == \"win32\"",
]
files = [
    {file = "click-8.3.1-py3-none-any.whl", hash = "sha256:981153a64e25f12d547d3426c367a4857371575ee7ad18df2a6183ab0545b2a6"},
    {file = "click-8.3.1.tar.gz", hash = "sha256:12ff4785d337a1bb490bb7e9c2b1ee5da3112e94a8622f26a6c77f5d2fc6842a"},
]

[[package]]
name = "colorama"
version = "0.4.6"
summary = ""
files = [
    {file = "colorama-0.4.6-py2.py3-none-any.whl", hash = "sha256:4f1d9991f5acc0ca119f9d443620b77f9d6b33703e51011c16baf57afb285fc6"},
    {file = "colorama-0.4.6.tar.gz", hash = "sha256:08695f5cb7ed6e0531a20572697297273c47b8cae5a63ffc6d6ed5c201be6e44"},
]

[[package]]
name = "h11"
version = "0.16.0"
summary = ""
files = [
    {file = "h11-0.16.0-py3-none-any.whl", hash = "sha256:63cf8bbe7522de3bf65932fda1d9c2772064ffb3dae62d55932da54b31cb6c86"},
    {file = "h11-0.16.0.tar.gz", hash = "sha256:4e35b956cf45792e4caa5885e69fba00bdbc6ffafbfa020300e549b208ee5ff1"},
]

[[package]]
name = "httpcore"
version = "1.0.9"
summary = ""
dependencies = [
    "certifi",
    "h11",
]
files = [
    {file = "httpcore-1.0.9-py3-none-any.whl", hash = "sha256:2d400746a40668fc9dec9810239072b40b4484b640a8c38fd654a024c7a1bf55"},
    {file = "httpcore-1.0.9.tar.gz", hash = "sha256:6e34463af53fd2ab5d807f399a9b45ea31c3dfa2276f15a2c3f00afff6e176e8"},
]

[[package]]
name = "httpx"
version = "0.28.1"
summary = ""
dependencies = [
    "anyio",
    "certifi",
    "httpcore",
    "idna",
]
files = [
    {file = "httpx-0.28.1-py3-none-any.whl", hash = "sha256:d909fcccc110f8c7faf814ca82a9a4d816bc5a6dbfea25d6591d6985b8ba59ad"},
    {file = "httpx-0.28.1.tar.gz", hash = "sha256:75e98c5f16b0f35b567856f597f06ff2270a374470a5c2392242528e3e3e42fc"},
]

[[package]]
name = "idna"
version = "3.11"
summary = ""
files = [
    {file = "idna-3.11-py3-none-any.whl", hash = "sha256:771a87f49d9defaf64091e6e6fe9c18d4833f140bd19464795bc32d966ca37ea"},
    {file = "idna-3.11.tar.gz", hash = "sha256:795dafcc9c04ed0c1fb032c2aa73654d8e8c5023a7df64a53f39190ada629902"},
]

[[package]]
name = "markdown-it-py"
version = "4.0.0"
summary = ""
dependencies = [
    "mdurl",
]
files = [
    {file = "markdown_it_py-4.0.0-py3-none-any.whl", hash = "sha256:87327c59b172c5011896038353a81343b6754500a08cd7a4973bb48c6d578147"},
    {file = "markdown_it_py-4.0.0.tar.gz", hash = "sha256:cb0a2b4aa34f932c007117b194e945bd74e0ec24133ceb5bac59009cda1cb9f3"},
]

[[package]]
name = "mdurl"
version = "0.1.2"
summary = ""
files = [
    {file = "mdurl-0.1.2-py3-none-any.whl", hash = "sha256:84008a41e51615a49fc9966191ff91509e3c40b939176e643fd50a5c2196b8f8"},
    {file = "mdurl-0.1.2.tar.gz", hash = "sha256:bb413d29f5eea38f31dd4754dd7377d4465116fb207585f97bf925588687c1ba"},
]

[[package]]
name = "polar-flow-api"
version = "1.4.0"
summary = ""
dependencies = [
    "httpx",
    "pydantic",
    "rich",
    "typer",
]
files = [
    {file = "polar_flow_api-1.4.0-py3-none-any.whl", hash = "sha256:7527a23096f0d4d1a9de0a6df5946913e4eee27f1563e9145f11226abbf63a8e"},
    {file = "polar_flow_api-1.4.0.tar.gz", hash = "sha256:a955b755bbb096678953769bdf47d9fffe4409dbb2b94222c6fc070d83d21cd3"},
]

[[package]]
name = "pydantic"
version = "2.12.5"
summary = ""
dependencies = [
    "annotated-types",
    "pydantic-core",
    "typing-extensions",
    "typing-inspection",
]
files = [
    {file = "pydantic-2.12.5-py3-none-any.whl", hash = "sha256:e561593fccf61e8a20fc46dfc2dfe075b8be7d0188df33f221ad1f0139180f9d"},
    {file = "pydantic-2.12.5.tar.gz", hash = "sha256:4d351024c75c0f085a9febbb665ce8c0c6ec5d30e903bdb6394b7ede26aebb49"},
]

[[package]]
name = "pydantic-core"
version = "2.41.5"
summary = ""
dependencies = [
    "typing-extensions",
]
files = [
    {file = "pydantic_core-2.41.5-cp314-cp314-macosx_10_12_x86_64.whl", hash = "sha256:3f37a19d7ebcdd20b96485056ba9e8b304e27d9904d233d7b1015db320e51f0a"},
    {file = "pydantic_core-2.41.5-cp314-cp314-macosx_11_0_arm64.whl", hash = "sha256:1d1d9764366c73f996edd17abb6d9d7649a7eb690006ab6adbda117717099b14"},
    {file = "pydantic_core-2.41.5-cp314-cp314-manylinux_2_17_aarch64.manylinux2014_aarch64.whl", hash = "sha256:25e1c2af0fce638d5f1988b686f3b3ea8cd7de5f244ca147c777769e798a9cd1"},
    {file = "pydantic_core-2.41.5-cp314-cp314-manylinux_2_17_armv7l.manylinux2014_armv7l.whl", hash = "sha256:506d766a8727beef16b7adaeb8ee6217c64fc813646b424d0804d67c16eddb66"},
    {file = "pydantic_core-2.41.5-cp314-cp314-manylinux_2_17_ppc64le.manylinux2014_ppc64le.whl", hash = "sha256:4819fa52133c9aa3c387b3328f25c1facc356491e6135b459f1de698ff64d869"},
    {file = "pydantic_core-2.41.5-cp314-cp314-manylinux_2_17_s390x.manylinux2014_s390x.whl", hash = "sha256:2b761d210c9ea91feda40d25b4efe82a1707da2ef62901466a42492c028553a2"},
    {file = "pydantic_core-2.41.5-cp314-cp314-manylinux_2_17_x86_64.manylinux2014_x86_64.whl", hash = "sha256:22f0fb8c1c583a3b6f24df2470833b40207e907b90c928cc8d3594b76f874375"},
    {file = "pydantic_core-2.41.5-cp314-cp314-manylinux_2_5_i686.manylinux1_i686.whl", hash = "sha256:2782c870e99878c634505236d81e5443092fba820f0373997ff75f90f68cd553"},
    {file = "pydantic_core-2.41.5-cp314-cp314-musllinux_1_1_aarch64.whl", hash = "sha256:0177272f88ab8312479336e1d777f6b124537d47f2123f89cb37e0accea97f90"},
    {file = "pydantic_core-2.41.5-cp314-cp314-musllinux_1_1_armv7l.whl", hash = "sha256:63510af5e38f8955b8ee5687740d6ebf7c2a0886d15a6d65c32814613681bc07"},
    {file = "pydantic_core-2.41.5-cp314-cp314-musllinux_1_1_x86_64.whl", hash = "sha256:e56ba91f47764cc14f1daacd723e3e82d1a89d783f0f5afe9c364b8bb491ccdb"},
    {file = "pydantic_core-2.41.5-cp314-cp314-win32.whl", hash = "sha256:aec5cf2fd867b4ff45b9959f8b20ea3993fc93e63c7363fe6851424c8a7e7c23"},
    {file = "pydantic_core-2.41.5-cp314-cp314-win_amd64.whl", hash = "sha256:8e7c86f27c585ef37c35e56a96363ab8de4e549a95512445b85c96d3e2f7c1bf"},
    {file = "pydantic_core-2.41.5-cp314-cp314-win_arm64.whl", hash = "sha256:e672ba74fbc2dc8eea59fb6d4aed6845e6905fc2a8afe93175d94a83ba2a01a0"},
    {file = "pydantic_core-2.41.5-cp314-cp314t-macosx_10_12_x86_64.whl", hash = "sha256:8566def80554c3faa0e65ac30ab0932b9e3a5cd7f8323764303d468e5c37595a"},
    {file = "pydantic_core-2.41.5-cp314-cp314t-macosx_11_0_arm64.whl", hash = "sha256:b80aa5095cd3109962a298ce14110ae16b8c1aece8b72f9dafe81cf597ad80b3"},
    {file = "pydantic_core-2.41.5-cp314-cp314t-manylinux_2_17_aarch64.manylinux2014_aarch64.whl", hash = "sha256:3006c3dd9ba34b0c094c544c6006cc79e87d8612999f1a5d43b769b89181f23c"},
    {file = "pydantic_core-2.41.5-cp314-cp314t-manylinux_2_17_armv7l.manylinux2014_armv7l.whl", hash = "sha256:72f6c8b11857a856bcfa48c86f5368439f74453563f951e473514579d44aa612"},
    {file = "pydantic_core-2.41.5-cp314-cp314t-manylinux_2_17_ppc64le.manylinux2014_ppc64le.whl", hash = "sha256:5cb1b2f9742240e4bb26b652a5aeb840aa4b417c7748b6f8387927bc6e45e40d"},
    {file = "pydantic_core-2.41.5-cp314-cp314t-manylinux_2_17_s390x.manylinux2014_s390x.whl", hash = "sha256:bd3d54f38609ff308209bd43acea66061494157703364ae40c951f83ba99a1a9"},
    {file = "pydantic_core-2.41.5-cp314-cp314t-manylinux_2_17_x86_64.manylinux2014_x86_64.whl", hash = "sha256:2ff4321e56e879ee8d2a879501c8e469414d948f4aba74a2d4593184eb326660"},
    {file = "pydantic_core-2.41.5-cp314-cp314t-manylinux_2_5_i686.manylinux1_i686.whl", hash = "sha256:d0d2568a8c11bf8225044aa94409e21da0cb09dcdafe9ecd10250b2baad531a9"},
    {file = "pydantic_core-2.41.5-cp314-cp314t-musllinux_1_1_aarch64.whl", hash = "sha256:a39455728aabd58ceabb03c90e12f71fd30fa69615760a075b9fec596456ccc3"},
    {file = "pydantic_core-2.41.5-cp314-cp314t-musllinux_1_1_armv7l.whl", hash = "sha256:239edca560d05757817c13dc17c50766136d21f7cd0fac50295499ae24f90fdf"},
    {file = "pydantic_core-2.41.5-cp314-cp314t-musllinux_1_1_x86_64.whl", hash = "sha256:2a5e06546e19f24c6a96a129142a75cee553cc018ffee48a460059b1185f4470"},
    {file = "pydantic_core-2.41.5-cp314-cp314t-win32.whl", hash = "sha256:b4ececa40ac28afa90871c2cc2b9ffd2ff0bf749380fbdf57d165fd23da353aa"},
    {file = "pydantic_core-2.41.5-cp314-cp314t-win_amd64.whl", hash = "sha256:80aa89cad80b32a912a65332f64a4450ed00966111b6615ca6816153d3585a8c"},
    {file = "pydantic_core-2.41.5-cp314-cp314t-win_arm64.whl", hash = "sha256:35b44f37a3199f771c3eaa53051bc8a70cd7b54f333531c59e29fd4db5d15008"},
    {file = "pydantic_core-2.41.5.tar.gz", hash = "sha256:08daa51ea16ad373ffd5e7606252cc32f07bc72b28284b6bc9c6df804816476e"},
]

[[package]]
name = "pygments"
version = "2.19.2"
summary = ""
files = [
    {file = "pygments-2.19.2-py3-none-any.whl", hash = "sha256:86540386c03d588bb81d44bc3928634ff26449851e99741617ecb9037ee5ec0b"},
    {file = "pygments-2.19.2.tar.gz", hash = "sha256:636cb2477cec7f8952536970bc533bc43743542f70392ae026374600add5b887"},
]

[[package]]
name = "requests"
version = "2.32.5"
summary = ""
dependencies = [
    "certifi",
    "charset-normalizer",
    "idna",
    "urllib3",
]
files = [
    {file = "requests-2.32.5-py3-none-any.whl", hash = "sha256:2462f94637a34fd532264295e186976db0f5d453d1cdd31473c85a6a161affb6"},
    {file = "requests-2.32.5.tar.gz", hash = "sha256:dbba0bac56e100853db0ea71b82b4dfd5fe2bf6d3754a8893c3af500cec7d7cf"},
]

[[package]]
name = "rich"
version = "14.3.3"
summary = ""
dependencies = [
    "markdown-it-py",
    "pygments",
]
files = [
    {file = "rich-14.3.3-py3-none-any.whl", hash = "sha256:793431c1f8619afa7d3b52b2cdec859562b950ea0d4b6b505397612db8d5362d"},
    {file = "rich-14.3.3.tar.gz", hash = "sha256:b8daa0b9e4eef54dd8cf7c86c03713f53241884e814f4e2f5fb342fe520f639b"},
]

[[package]]
name = "shellingham"
version = "1.5.4"
summary = ""
files = [
    {file = "shellingham-1.5.4-py2.py3-none-any.whl", hash = "sha256:7ecfff8f2fd72616f7481040475a65b2bf8af90a56c89140852d1120324e8686"},
    {file = "shellingham-1.5.4.tar.gz", hash = "sha256:8dbca0739d487e5bd35ab3ca4b36e11c4078f3a234bfce294b0a0291363404de"},
]

[[package]]
name = "typer"
version = "0.24.1"
summary = ""
dependencies = [
    "annotated-doc",
    "click",
    "rich",
    "shellingham",
]
files = [
    {file = "typer-0.24.1-py3-none-any.whl", hash = "sha256:112c1f0ce578bfb4cab9ffdabc68f031416ebcc216536611ba21f04e9aa84c9e"},
    {file = "typer-0.24.1.tar.gz", hash = "sha256:e39b4732d65fbdcde189ae76cf7cd48aeae72919dea1fdfc16593be016256b45"},
]

[[package]]
name = "typing-extensions"
version = "4.15.0"
summary = ""
files = [
    {file = "typing_extensions-4.15.0-py3-none-any.whl", hash = "sha256:f0fa19c6845758ab08074a0cfa8b7aecb71c999ca73d62883bc25cc018c4e548"},
    {file = "typing_extensions-4.15.0.tar.gz", hash = "sha256:0cea48d173cc12fa28ecabc3b837ea3cf6f38c6d1136f85cbaaf598984861466"},
]

[[package]]
name = "typing-inspection"
version = "0.4.2"
summary = ""
dependencies = [
    "typing-extensions",
]
files = [
    {file = "typing_inspection-0.4.2-py3-none-any.whl", hash = "sha256:4ed1cacbdc298c220f1bd249ed5287caa16f34d44ef4e9c3d0cbad5b521545e7"},
    {file = "typing_inspection-0.4.2.tar.gz", hash = "sha256:ba561c48a67c5958007083d386c3295464928b01faa735ab8547c5692e87f464"},
]

[[package]]
name = "urllib3"
version = "2.6.3"
summary = ""
files = [
    {file = "urllib3-2.6.3-py3-none-any.whl", hash = "sha256:bf272323e553dfb2e87d9bfd225ca7b0f467b919d7bbd355436d3fd37cb0acd4"},
    {file = "urllib3-2.6.3.tar.gz", hash = "sha256:1b62b6884944a57dbe321509ab94fd4d3b307075e0c2eae991ac71ee15ad38ed"},
]
